github.com/creack/pty v1.1.24 h1:bJrF4RRfyJnbTJqzRLHzcGaZK1NeM5kTC9jGgovnR1s=
github.com/creack/pty v1.1.24/go.mod h1:08sCNb52WyoAwi2QDyzUCTgcvVFhUzewun7wtTfvcwE=
github.com/google/go-cmp v0.6.0 h1:ofyhxvXcZhMsU5ulbFiLKl/XBFqE1GSq7atu8tAmTRI=
github.com/google/go-cmp v0.6.0/go.mod h1:17dUlkBOakJ0+DkrSSNjCkIjxS6bF9zb3elmeNGIjoY=
github.com/netascode/xmldot v0.5.1 h1:eqJ1b6/tCTMnlojbQOL3oASg4/48EOFwPxOLfu01N34=
github.com/netascode/xmldot v0.5.1/go.mod h1:T0zddov+d7Sgam8cpJSOr155HiKyXwY58PE/iiuXbT8=
github.com/scrapli/scrapligo v1.4.0 h1:gF7bIiRHT/aB1zTu9PYIK9R2A/gXr4fF/CKUyyWaNq4=
github.com/scrapli/scrapligo v1.4.0/go.mod h1:pOWxVyPsQRrWTrkoSSDg05tjOqtWfLffAZtAsCc0w3M=
github.com/sirikothe/gotextfsm v1.2.0 h1:DG+8Zmj0C9UdmqBp57FHbc0WUriCrdiDgtwgVyteTms=
github.com/sirikothe/gotextfsm v1.2.0/go.mod h1:wbW8v960jP2sXgCDKneBp9lm4Cutkc9o2GPwhaSLRsI=
golang.org/x/crypto v0.57.0 h1:3ZVCjf8Ggz7zneR/EHRVx68Ctf+2pmIMP2UFhh9cC6M=
golang.org/x/crypto v0.57.0/go.mod h1:Fdz0i5U6CoizGwLda9DttjSk6qlZo25zYNtR+ycvuZA=
golang.org/x/sys v0.48.0 h1:bbX/i/6MgT9BVLM9RT1thmxL04yeTAhbEz4SyadbXoo=
golang.org/x/sys v0.48.0/go.mod h1:hNLxWAXmnKAxqDtdwIYC4bM9oQPEecfsnNMuSxOs3og=
golang.org/x/term v0.46.0 h1:3+OXuTbaKDgwk8jTi3aSLHRlmWqHEUDUtxnbFigO4YE=
golang.org/x/term v0.46.0/go.mod h1:+K02xbkittuwc0Am4abfA3Fc+XRGXkvBXNO88NCXPoc=
gopkg.in/yaml.v3 v3.0.1 h1:fxVm/GzAzEWqLHuvctI91KS9hhNmmWOoWu0XTYJS7CA=
gopkg.in/yaml.v3 v3.0.1/go.mod h1:K4uyk7z7BCEPqu6E+C64Yfv1cQ7kz7rIZviUmN+EgEM=
